
Microsoft Visual Studio Solution File, Format Version 12.00
# Visual Studio Version 16
VisualStudioVersion = 16.0.31105.61
MinimumVisualStudioVersion = 10.0.40219.1
Project("{FAE04EC0-301F-11D3-BF4B-00C04F79EFBC}") = "AppExecute", "AppExecute\AppExecute.csproj", "{27FA30FA-044C-48A2-93F3-BC574B849FBF}"
EndProject
Global
	GlobalSection(SolutionConfigurationPlatforms) = preSolution
		Debug|Any CPU = Debug|Any CPU
		Release|Any CPU = Release|Any CPU
	EndGlobalSection
	GlobalSection(ProjectConfigurationPlatforms) = postSolution
		{27FA30FA-044C-48A2-93F3-BC574B849FBF}.Debug|Any CPU.ActiveCfg = Debug|Any CPU
		{27FA30FA-044C-48A2-93F3-BC574B849FBF}.Debug|Any CPU.Build.0 = Debug|Any CPU
		{27FA30FA-044C-48A2-93F3-BC574B849FBF}.Release|Any CPU.ActiveCfg = Release|Any CPU
		{27FA30FA-044C-48A2-93F3-BC574B849FBF}.Release|Any CPU.Build.0 = Release|Any CPU
	EndGlobalSection
	GlobalSection(SolutionProperties) = preSolution
		HideSolutionNode = FALSE
	EndGlobalSection
	GlobalSection(ExtensibilityGlobals) = postSolution
		SolutionGuid = {F5C0E6C0-C07D-4558-B9B6-58A38CE49DC6}
	EndGlobalSection
EndGlobal
